
Microsoft Visual Studio Solution File, Format Version 12.00
# Visual Studio Version 16
VisualStudioVersion = 16.0.29806.167
MinimumVisualStudioVersion = 10.0.40219.1
Project("{FAE04EC0-301F-11D3-BF4B-00C04F79EFBC}") = "Assigment8", "Assigment8.csproj", "{BC3FD866-8836-44ED-969E-8FDAE3A0E172}"
EndProject
Global
	GlobalSection(SolutionConfigurationPlatforms) = preSolution
		Debug|Any CPU = Debug|Any CPU
		Release|Any CPU = Release|Any CPU
	EndGlobalSection
	GlobalSection(ProjectConfigurationPlatforms) = postSolution
		{BC3FD866-8836-44ED-969E-8FDAE3A0E172}.Debug|Any CPU.ActiveCfg = Debug|Any CPU
		{BC3FD866-8836-44ED-969E-8FDAE3A0E172}.Debug|Any CPU.Build.0 = Debug|Any CPU
		{BC3FD866-8836-44ED-969E-8FDAE3A0E172}.Release|Any CPU.ActiveCfg = Release|Any CPU
		{BC3FD866-8836-44ED-969E-8FDAE3A0E172}.Release|Any CPU.Build.0 = Release|Any CPU
	EndGlobalSection
	GlobalSection(SolutionProperties) = preSolution
		HideSolutionNode = FALSE
	EndGlobalSection
	GlobalSection(ExtensibilityGlobals) = postSolution
		SolutionGuid = {E1904E3C-B61E-468E-9C88-36916C44D923}
	EndGlobalSection
EndGlobal
