
Microsoft Visual Studio Solution File, Format Version 12.00
# Visual Studio Version 16
VisualStudioVersion = 16.0.29806.167
MinimumVisualStudioVersion = 10.0.40219.1
Project("{FAE04EC0-301F-11D3-BF4B-00C04F79EFBC}") = "WebApplication2", "WebApplication2.csproj", "{CD74D8B4-180E-45D9-A943-6A55311151C6}"
EndProject
Global
	GlobalSection(SolutionConfigurationPlatforms) = preSolution
		Debug|Any CPU = Debug|Any CPU
		Release|Any CPU = Release|Any CPU
	EndGlobalSection
	GlobalSection(ProjectConfigurationPlatforms) = postSolution
		{CD74D8B4-180E-45D9-A943-6A55311151C6}.Debug|Any CPU.ActiveCfg = Debug|Any CPU
		{CD74D8B4-180E-45D9-A943-6A55311151C6}.Debug|Any CPU.Build.0 = Debug|Any CPU
		{CD74D8B4-180E-45D9-A943-6A55311151C6}.Release|Any CPU.ActiveCfg = Release|Any CPU
		{CD74D8B4-180E-45D9-A943-6A55311151C6}.Release|Any CPU.Build.0 = Release|Any CPU
	EndGlobalSection
	GlobalSection(SolutionProperties) = preSolution
		HideSolutionNode = FALSE
	EndGlobalSection
	GlobalSection(ExtensibilityGlobals) = postSolution
		SolutionGuid = {FCFCA250-22F7-4DF9-A7DA-487684159A14}
	EndGlobalSection
EndGlobal
